# Generated by pub
# See https://dart.dev/tools/pub/glossary#lockfile
packages:
  animate_icons:
    dependency: transitive
    description:
      name: animate_icons
      sha256: "3201c60f2051997cf3cbde4b2f07d269e01fa53a6a3a2986ef26f614419880fd"
      url: "https://pub.dev"
    source: hosted
    version: "2.0.0"
  args:
    dependency: transitive
    description:
      name: args
      sha256: eef6c46b622e0494a36c5a12d10d77fb4e855501a91c1b9ef9339326e58f0596
      url: "https://pub.dev"
    source: hosted
    version: "2.4.2"
  async:
    dependency: transitive
    description:
      name: async
      sha256: "947bfcf187f74dbc5e146c9eb9c0f10c9f8b30743e341481c1e2ed3ecc18c20c"
      url: "https://pub.dev"
    source: hosted
    version: "2.11.0"
  boolean_selector:
    dependency: transitive
    description:
      name: boolean_selector
      sha256: "6cfb5af12253eaf2b368f07bacc5a80d1301a071c73360d746b7f2e32d762c66"
      url: "https://pub.dev"
    source: hosted
    version: "2.1.1"
  characters:
    dependency: transitive
    description:
      name: characters
      sha256: "04a925763edad70e8443c99234dc3328f442e811f1d8fd1a72f1c8ad0f69a605"
      url: "https://pub.dev"
    source: hosted
    version: "1.3.0"
  charcode:
    dependency: transitive
    description:
      name: charcode
      sha256: fb98c0f6d12c920a02ee2d998da788bca066ca5f148492b7085ee23372b12306
      url: "https://pub.dev"
    source: hosted
    version: "1.3.1"
  clock:
    dependency: transitive
    description:
      name: clock
      sha256: cb6d7f03e1de671e34607e909a7213e31d7752be4fb66a86d29fe1eb14bfb5cf
      url: "https://pub.dev"
    source: hosted
    version: "1.1.1"
  collection:
    dependency: transitive
    description:
      name: collection
      sha256: "4a07be6cb69c84d677a6c3096fcf960cc3285a8330b4603e0d463d15d9bd934c"
      url: "https://pub.dev"
    source: hosted
    version: "1.17.1"
  common_ui:
    dependency: "direct main"
    description:
      path: "../common_ui"
      relative: true
    source: path
    version: "1.0.0+1"
  cross_file:
    dependency: transitive
    description:
      name: cross_file
      sha256: "0b0036e8cccbfbe0555fd83c1d31a6f30b77a96b598b35a5d36dd41f718695e9"
      url: "https://pub.dev"
    source: hosted
    version: "0.3.3+4"
  csslib:
    dependency: transitive
    description:
      name: csslib
      sha256: "831883fb353c8bdc1d71979e5b342c7d88acfbc643113c14ae51e2442ea0f20f"
      url: "https://pub.dev"
    source: hosted
    version: "0.17.3"
  cupertino_icons:
    dependency: transitive
    description:
      name: cupertino_icons
      sha256: "1989d917fbe8e6b39806207df5a3fdd3d816cbd090fac2ce26fb45e9a71476e5"
      url: "https://pub.dev"
    source: hosted
    version: "1.0.4"
  device_info_plus:
    dependency: transitive
    description:
      name: device_info_plus
      sha256: "2c35b6d1682b028e42d07b3aee4b98fa62996c10bc12cb651ec856a80d6a761b"
      url: "https://pub.dev"
    source: hosted
    version: "9.0.2"
  device_info_plus_platform_interface:
    dependency: transitive
    description:
      name: device_info_plus_platform_interface
      sha256: d3b01d5868b50ae571cd1dc6e502fc94d956b665756180f7b16ead09e836fd64
      url: "https://pub.dev"
    source: hosted
    version: "7.0.0"
  diff_match_patch:
    dependency: transitive
    description:
      name: diff_match_patch
      sha256: "2efc9e6e8f449d0abe15be240e2c2a3bcd977c8d126cfd70598aee60af35c0a4"
      url: "https://pub.dev"
    source: hosted
    version: "0.4.1"
  equatable:
    dependency: transitive
    description:
      name: equatable
      sha256: c2b87cb7756efdf69892005af546c56c0b5037f54d2a88269b4f347a505e3ca2
      url: "https://pub.dev"
    source: hosted
    version: "2.0.5"
  fake_async:
    dependency: transitive
    description:
      name: fake_async
      sha256: "511392330127add0b769b75a987850d136345d9227c6b94c96a04cf4a391bf78"
      url: "https://pub.dev"
    source: hosted
    version: "1.3.1"
  ffi:
    dependency: transitive
    description:
      name: ffi
      sha256: a38574032c5f1dd06c4aee541789906c12ccaab8ba01446e800d9c5b79c4a978
      url: "https://pub.dev"
    source: hosted
    version: "2.0.1"
  file:
    dependency: transitive
    description:
      name: file
      sha256: "1b92bec4fc2a72f59a8e15af5f52cd441e4a7860b49499d69dfa817af20e925d"
      url: "https://pub.dev"
    source: hosted
    version: "6.1.4"
  file_picker:
    dependency: "direct main"
    description:
      name: file_picker
      sha256: b1729fc96627dd44012d0a901558177418818d6bd428df59dcfeb594e5f66432
      url: "https://pub.dev"
    source: hosted
    version: "5.3.2"
  filesystem_picker:
    dependency: "direct main"
    description:
      name: filesystem_picker
      sha256: cf790e033b3e0c07b5bc9f71458b39f1f45017641aae508ffdfb86a59baa0c1d
      url: "https://pub.dev"
    source: hosted
    version: "3.1.0"
  flutter:
    dependency: "direct main"
    description: flutter
    source: sdk
    version: "0.0.0"
  flutter_colorpicker:
    dependency: transitive
    description:
      name: flutter_colorpicker
      sha256: "458a6ed8ea480eb16ff892aedb4b7092b2804affd7e046591fb03127e8d8ef8b"
      url: "https://pub.dev"
    source: hosted
    version: "1.0.3"
  flutter_inappwebview:
    dependency: transitive
    description:
      name: flutter_inappwebview
      sha256: f73505c792cf083d5566e1a94002311be497d984b5607f25be36d685cf6361cf
      url: "https://pub.dev"
    source: hosted
    version: "5.7.2+3"
  flutter_keyboard_visibility:
    dependency: transitive
    description:
      name: flutter_keyboard_visibility
      sha256: "4983655c26ab5b959252ee204c2fffa4afeb4413cd030455194ec0caa3b8e7cb"
      url: "https://pub.dev"
    source: hosted
    version: "5.4.1"
  flutter_keyboard_visibility_linux:
    dependency: transitive
    description:
      name: flutter_keyboard_visibility_linux
      sha256: "6fba7cd9bb033b6ddd8c2beb4c99ad02d728f1e6e6d9b9446667398b2ac39f08"
      url: "https://pub.dev"
    source: hosted
    version: "1.0.0"
  flutter_keyboard_visibility_macos:
    dependency: transitive
    description:
      name: flutter_keyboard_visibility_macos
      sha256: c5c49b16fff453dfdafdc16f26bdd8fb8d55812a1d50b0ce25fc8d9f2e53d086
      url: "https://pub.dev"
    source: hosted
    version: "1.0.0"
  flutter_keyboard_visibility_platform_interface:
    dependency: transitive
    description:
      name: flutter_keyboard_visibility_platform_interface
      sha256: e43a89845873f7be10cb3884345ceb9aebf00a659f479d1c8f4293fcb37022a4
      url: "https://pub.dev"
    source: hosted
    version: "2.0.0"
  flutter_keyboard_visibility_web:
    dependency: transitive
    description:
      name: flutter_keyboard_visibility_web
      sha256: d3771a2e752880c79203f8d80658401d0c998e4183edca05a149f5098ce6e3d1
      url: "https://pub.dev"
    source: hosted
    version: "2.0.0"
  flutter_keyboard_visibility_windows:
    dependency: transitive
    description:
      name: flutter_keyboard_visibility_windows
      sha256: fc4b0f0b6be9b93ae527f3d527fb56ee2d918cd88bbca438c478af7bcfd0ef73
      url: "https://pub.dev"
    source: hosted
    version: "1.0.0"
  flutter_lints:
    dependency: "direct dev"
    description:
      name: flutter_lints
      sha256: "2118df84ef0c3ca93f96123a616ae8540879991b8b57af2f81b76a7ada49b2a4"
      url: "https://pub.dev"
    source: hosted
    version: "2.0.2"
  flutter_localizations:
    dependency: transitive
    description: flutter
    source: sdk
    version: "0.0.0"
  flutter_markdown:
    dependency: transitive
    description:
      name: flutter_markdown
      sha256: "5a3ecbecfed294a464b952494daafc05cf97f6faf9441168f507e9c9400f50e0"
      url: "https://pub.dev"
    source: hosted
    version: "0.6.9"
  flutter_math_fork:
    dependency: transitive
    description:
      name: flutter_math_fork
      sha256: a143a3a89131b578043ecbdb5e759c1033a1b3e9174f5cd1b979d93f4a7fb41c
      url: "https://pub.dev"
    source: hosted
    version: "0.7.1"
  flutter_modular:
    dependency: transitive
    description:
      name: flutter_modular
      sha256: "99c17516bd5308a8229705fcee3d6f111e21f1db40065da45a22c5c94a68702d"
      url: "https://pub.dev"
    source: hosted
    version: "4.5.0"
  flutter_modular_annotations:
    dependency: transitive
    description:
      name: flutter_modular_annotations
      sha256: "65971655bdd30816a6a66651c801f4ceba6c8ba265f0866cc51ad038332c9a71"
      url: "https://pub.dev"
    source: hosted
    version: "0.0.2"
  flutter_plugin_android_lifecycle:
    dependency: transitive
    description:
      name: flutter_plugin_android_lifecycle
      sha256: "950e77c2bbe1692bc0874fc7fb491b96a4dc340457f4ea1641443d0a6c1ea360"
      url: "https://pub.dev"
    source: hosted
    version: "2.0.15"
  flutter_quill:
    dependency: "direct main"
    description:
      name: flutter_quill
      sha256: e0bfa2a64e6a0772a2c273294af46b171b864a20692144c0ea81916a452b378c
      url: "https://pub.dev"
    source: hosted
    version: "7.2.11"
  flutter_quill_extensions:
    dependency: "direct main"
    description:
      name: flutter_quill_extensions
      sha256: "7a2e4d0bf604bbb3716dc7497fa6b181bf3b39d70353156081a3e5b52d38aac2"
      url: "https://pub.dev"
    source: hosted
    version: "0.3.3"
  flutter_svg:
    dependency: transitive
    description:
      name: flutter_svg
      sha256: f991fdb1533c3caeee0cdc14b04f50f0c3916f0dbcbc05237ccbe4e3c6b93f3f
      url: "https://pub.dev"
    source: hosted
    version: "2.0.5"
  flutter_syntax_view:
    dependency: transitive
    description:
      name: flutter_syntax_view
      sha256: bed469c548993f2f9158514c4b5526dcd6de19e008c5321bb55216cb1afc675b
      url: "https://pub.dev"
    source: hosted
    version: "4.0.0"
  flutter_test:
    dependency: "direct dev"
    description: flutter
    source: sdk
    version: "0.0.0"
  flutter_web_plugins:
    dependency: transitive
    description: flutter
    source: sdk
    version: "0.0.0"
  gallery_saver:
    dependency: transitive
    description:
      name: gallery_saver
      sha256: df8b7e207ca12d64c71e0710a7ee3bc48aa7206d51cc720716fedb1543a66712
      url: "https://pub.dev"
    source: hosted
    version: "2.3.2"
  holding_gesture:
    dependency: transitive
    description:
      name: holding_gesture
      sha256: "6d12a991c498357f9c8a532656facf97c47858be9a7249d5caaa84707aecc052"
      url: "https://pub.dev"
    source: hosted
    version: "1.1.0"
  html:
    dependency: transitive
    description:
      name: html
      sha256: "3a7812d5bcd2894edf53dfaf8cd640876cf6cef50a8f238745c8b8120ea74d3a"
      url: "https://pub.dev"
    source: hosted
    version: "0.15.4"
  http:
    dependency: transitive
    description:
      name: http
      sha256: "2ed163531e071c2c6b7c659635112f24cb64ecbebf6af46b550d536c0b1aa112"
      url: "https://pub.dev"
    source: hosted
    version: "0.13.4"
  http_parser:
    dependency: transitive
    description:
      name: http_parser
      sha256: e362d639ba3bc07d5a71faebb98cde68c05bfbcfbbb444b60b6f60bb67719185
      url: "https://pub.dev"
    source: hosted
    version: "4.0.0"
  i18n_extension:
    dependency: transitive
    description:
      name: i18n_extension
      sha256: db45cd88cf3114f5b9368d975aebebe4ac37fa634fbc5643634289cdfd4d3631
      url: "https://pub.dev"
    source: hosted
    version: "9.0.2"
  image_picker:
    dependency: transitive
    description:
      name: image_picker
      sha256: f98d76672d309c8b7030c323b3394669e122d52b307d2bbd8d06bd70f5b2aabe
      url: "https://pub.dev"
    source: hosted
    version: "0.8.6+1"
  image_picker_android:
    dependency: transitive
    description:
      name: image_picker_android
      sha256: b1cbfec0f5aef427a18eb573f5445af8c9c568626bf3388553e40c263d3f7368
      url: "https://pub.dev"
    source: hosted
    version: "0.8.5+5"
  image_picker_for_web:
    dependency: transitive
    description:
      name: image_picker_for_web
      sha256: "7d319fb74955ca46d9bf7011497860e3923bb67feebcf068f489311065863899"
      url: "https://pub.dev"
    source: hosted
    version: "2.1.10"
  image_picker_ios:
    dependency: transitive
    description:
      name: image_picker_ios
      sha256: "8ffb14b43713d7c43fb21299cc18181cc5b39bd3ea1cc427a085c6400fe5aa52"
      url: "https://pub.dev"
    source: hosted
    version: "0.8.6+7"
  image_picker_platform_interface:
    dependency: transitive
    description:
      name: image_picker_platform_interface
      sha256: "7cef2f28f4f2fef99180f636c3d446b4ccbafd6ba0fad2adc9a80c4040f656b8"
      url: "https://pub.dev"
    source: hosted
    version: "2.6.2"
  intl:
    dependency: transitive
    description:
      name: intl
      sha256: a3715e3bc90294e971cb7dc063fbf3cd9ee0ebf8604ffeafabd9e6f16abbdbe6
      url: "https://pub.dev"
    source: hosted
    version: "0.18.0"
  js:
    dependency: transitive
    description:
      name: js
      sha256: f2c445dce49627136094980615a031419f7f3eb393237e4ecd97ac15dea343f3
      url: "https://pub.dev"
    source: hosted
    version: "0.6.7"
  lints:
    dependency: transitive
    description:
      name: lints
      sha256: "0a217c6c989d21039f1498c3ed9f3ed71b354e69873f13a8dfc3c9fe76f1b452"
      url: "https://pub.dev"
    source: hosted
    version: "2.1.1"
  markdown:
    dependency: transitive
    description:
      name: markdown
      sha256: "01512006c8429f604eb10f9848717baeaedf99e991d14a50d540d9beff08e5c6"
      url: "https://pub.dev"
    source: hosted
    version: "4.0.1"
  matcher:
    dependency: transitive
    description:
      name: matcher
      sha256: "6501fbd55da300384b768785b83e5ce66991266cec21af89ab9ae7f5ce1c4cbb"
      url: "https://pub.dev"
    source: hosted
    version: "0.12.15"
  material_color_utilities:
    dependency: transitive
    description:
      name: material_color_utilities
      sha256: d92141dc6fe1dad30722f9aa826c7fbc896d021d792f80678280601aff8cf724
      url: "https://pub.dev"
    source: hosted
    version: "0.2.0"
  math_expressions:
    dependency: transitive
    description:
      name: math_expressions
      sha256: "6cec3bb1f5a78701cc25d63705ddfa807062d00bc0d85ba8b2d13daed9fe61c5"
      url: "https://pub.dev"
    source: hosted
    version: "2.3.1"
  math_keyboard:
    dependency: transitive
    description:
      name: math_keyboard
      sha256: "7a7a644ce4313f31b74bc31c9d522dbdc08e5462dfa7beb4d0973cd4232e9ba3"
      url: "https://pub.dev"
    source: hosted
    version: "0.2.0"
  meta:
    dependency: transitive
    description:
      name: meta
      sha256: "3c74dbf8763d36539f114c799d8a2d87343b5067e9d796ca22b5eb8437090ee3"
      url: "https://pub.dev"
    source: hosted
    version: "1.9.1"
  modular_core:
    dependency: transitive
    description:
      name: modular_core
      sha256: "506847e85af35f56c66427c886f1b580989888f0a4e66393dd4066c8c2a4e215"
      url: "https://pub.dev"
    source: hosted
    version: "1.2.1"
  modular_interfaces:
    dependency: transitive
    description:
      name: modular_interfaces
      sha256: ed10198f86e73dff23c857ef1bde43237c1bd6f4679b606a6b462a38789f3851
      url: "https://pub.dev"
    source: hosted
    version: "1.0.4"
  nested:
    dependency: transitive
    description:
      name: nested
      sha256: "03bac4c528c64c95c722ec99280375a6f2fc708eec17c7b3f07253b626cd2a20"
      url: "https://pub.dev"
    source: hosted
    version: "1.0.0"
  pasteboard:
    dependency: transitive
    description:
      name: pasteboard
      sha256: "1c8b6a8b3f1d12e55d4e9404433cda1b4abe66db6b17bc2d2fb5965772c04674"
      url: "https://pub.dev"
    source: hosted
    version: "0.2.0"
  path:
    dependency: transitive
    description:
      name: path
      sha256: "8829d8a55c13fc0e37127c29fedf290c102f4e40ae94ada574091fe0ff96c917"
      url: "https://pub.dev"
    source: hosted
    version: "1.8.3"
  path_parsing:
    dependency: transitive
    description:
      name: path_parsing
      sha256: e3e67b1629e6f7e8100b367d3db6ba6af4b1f0bb80f64db18ef1fbabd2fa9ccf
      url: "https://pub.dev"
    source: hosted
    version: "1.0.1"
  path_provider:
    dependency: "direct main"
    description:
      name: path_provider
      sha256: dcea5feb97d8abf90cab9e9030b497fb7c3cbf26b7a1fe9e3ef7dcb0a1ddec95
      url: "https://pub.dev"
    source: hosted
    version: "2.0.12"
  path_provider_android:
    dependency: transitive
    description:
      name: path_provider_android
      sha256: a776c088d671b27f6e3aa8881d64b87b3e80201c64e8869b811325de7a76c15e
      url: "https://pub.dev"
    source: hosted
    version: "2.0.22"
  path_provider_foundation:
    dependency: transitive
    description:
      name: path_provider_foundation
      sha256: "62a68e7e1c6c459f9289859e2fae58290c981ce21d1697faf54910fe1faa4c74"
      url: "https://pub.dev"
    source: hosted
    version: "2.1.1"
  path_provider_linux:
    dependency: transitive
    description:
      name: path_provider_linux
      sha256: ab0987bf95bc591da42dffb38c77398fc43309f0b9b894dcc5d6f40c4b26c379
      url: "https://pub.dev"
    source: hosted
    version: "2.1.7"
  path_provider_platform_interface:
    dependency: transitive
    description:
      name: path_provider_platform_interface
      sha256: f0abc8ebd7253741f05488b4813d936b4d07c6bae3e86148a09e342ee4b08e76
      url: "https://pub.dev"
    source: hosted
    version: "2.0.5"
  path_provider_windows:
    dependency: transitive
    description:
      name: path_provider_windows
      sha256: "1cb68ba4cd3a795033de62ba1b7b4564dace301f952de6bfb3cd91b202b6ee96"
      url: "https://pub.dev"
    source: hosted
    version: "2.1.7"
  pedantic:
    dependency: transitive
    description:
      name: pedantic
      sha256: "67fc27ed9639506c856c840ccce7594d0bdcd91bc8d53d6e52359449a1d50602"
      url: "https://pub.dev"
    source: hosted
    version: "1.11.1"
  petitparser:
    dependency: transitive
    description:
      name: petitparser
      sha256: "49392a45ced973e8d94a85fdb21293fbb40ba805fc49f2965101ae748a3683b4"
      url: "https://pub.dev"
    source: hosted
    version: "5.1.0"
  photo_view:
    dependency: transitive
    description:
      name: photo_view
      sha256: "8036802a00bae2a78fc197af8a158e3e2f7b500561ed23b4c458107685e645bb"
      url: "https://pub.dev"
    source: hosted
    version: "0.14.0"
  platform:
    dependency: transitive
    description:
      name: platform
      sha256: "4a451831508d7d6ca779f7ac6e212b4023dd5a7d08a27a63da33756410e32b76"
      url: "https://pub.dev"
    source: hosted
    version: "3.1.0"
  plugin_platform_interface:
    dependency: transitive
    description:
      name: plugin_platform_interface
      sha256: "6a2128648c854906c53fa8e33986fc0247a1116122f9534dd20e3ab9e16a32bc"
      url: "https://pub.dev"
    source: hosted
    version: "2.1.4"
  process:
    dependency: transitive
    description:
      name: process
      sha256: "53fd8db9cec1d37b0574e12f07520d582019cb6c44abf5479a01505099a34a09"
      url: "https://pub.dev"
    source: hosted
    version: "4.2.4"
  provider:
    dependency: transitive
    description:
      name: provider
      sha256: cdbe7530b12ecd9eb455bdaa2fcb8d4dad22e80b8afb4798b41479d5ce26847f
      url: "https://pub.dev"
    source: hosted
    version: "6.0.5"
  quiver:
    dependency: transitive
    description:
      name: quiver
      sha256: b1c1ac5ce6688d77f65f3375a9abb9319b3cb32486bdc7a1e0fdf004d7ba4e47
      url: "https://pub.dev"
    source: hosted
    version: "3.2.1"
  responsive_builder:
    dependency: transitive
    description:
      name: responsive_builder
      sha256: eb18c55fb025e2016d9811b042cf6568a0e20b5dd27de7393073e00bdf0037b8
      url: "https://pub.dev"
    source: hosted
    version: "0.4.2"
  shimmer:
    dependency: transitive
    description:
      name: shimmer
      sha256: "1f1009b5845a1f88f1c5630212279540486f97409e9fc3f63883e71070d107bf"
      url: "https://pub.dev"
    source: hosted
    version: "2.0.0"
  showcase_view:
    dependency: "direct main"
    description:
      path: "../showcase_view"
      relative: true
    source: path
    version: "1.0.0+1"
  sky_engine:
    dependency: transitive
    description: flutter
    source: sdk
    version: "0.0.99"
  source_code_view:
    dependency: transitive
    description:
      path: "../source_code_view"
      relative: true
    source: path
    version: "1.0.0+1"
  source_span:
    dependency: transitive
    description:
      name: source_span
      sha256: dd904f795d4b4f3b870833847c461801f6750a9fa8e61ea5ac53f9422b31f250
      url: "https://pub.dev"
    source: hosted
    version: "1.9.1"
  sprintf:
    dependency: transitive
    description:
      name: sprintf
      sha256: "1fc9ffe69d4df602376b52949af107d8f5703b77cda567c4d7d86a0693120f23"
      url: "https://pub.dev"
    source: hosted
    version: "7.0.0"
  stack_trace:
    dependency: transitive
    description:
      name: stack_trace
      sha256: c3c7d8edb15bee7f0f74debd4b9c5f3c2ea86766fe4178eb2a18eb30a0bdaed5
      url: "https://pub.dev"
    source: hosted
    version: "1.11.0"
  stream_channel:
    dependency: transitive
    description:
      name: stream_channel
      sha256: "83615bee9045c1d322bbbd1ba209b7a749c2cbcdcb3fdd1df8eb488b3279c1c8"
      url: "https://pub.dev"
    source: hosted
    version: "2.1.1"
  string_scanner:
    dependency: transitive
    description:
      name: string_scanner
      sha256: "556692adab6cfa87322a115640c11f13cb77b3f076ddcc5d6ae3c20242bedcde"
      url: "https://pub.dev"
    source: hosted
    version: "1.2.0"
  string_validator:
    dependency: transitive
    description:
      name: string_validator
      sha256: b419cf5d21d608522e6e7cafed4deb34b6f268c43df866e63c320bab98a08cf6
      url: "https://pub.dev"
    source: hosted
    version: "1.0.0"
  term_glyph:
    dependency: transitive
    description:
      name: term_glyph
      sha256: a29248a84fbb7c79282b40b8c72a1209db169a2e0542bce341da992fe1bc7e84
      url: "https://pub.dev"
    source: hosted
    version: "1.2.1"
  test_api:
    dependency: transitive
    description:
      name: test_api
      sha256: eb6ac1540b26de412b3403a163d919ba86f6a973fe6cc50ae3541b80092fdcfb
      url: "https://pub.dev"
    source: hosted
    version: "0.5.1"
  triple:
    dependency: transitive
    description:
      name: triple
      sha256: ecade2cfd2bd6860d96ece3c819a5166164eaff604a1569e253f519c5abd6f51
      url: "https://pub.dev"
    source: hosted
    version: "1.5.0+1"
  tuple:
    dependency: transitive
    description:
      name: tuple
      sha256: a97ce2013f240b2f3807bcbaf218765b6f301c3eff91092bcfa23a039e7dd151
      url: "https://pub.dev"
    source: hosted
    version: "2.0.2"
  typed_data:
    dependency: transitive
    description:
      name: typed_data
      sha256: facc8d6582f16042dd49f2463ff1bd6e2c9ef9f3d5da3d9b087e244a7b564b3c
      url: "https://pub.dev"
    source: hosted
    version: "1.3.2"
  universal_html:
    dependency: "direct main"
    description:
      name: universal_html
      sha256: a5cc5a84188e5d3e58f3ed77fe3dd4575dc1f68aa7c89e51b5b4105b9aab3b9d
      url: "https://pub.dev"
    source: hosted
    version: "2.2.3"
  universal_io:
    dependency: transitive
    description:
      name: universal_io
      sha256: "1722b2dcc462b4b2f3ee7d188dad008b6eb4c40bbd03a3de451d82c78bba9aad"
      url: "https://pub.dev"
    source: hosted
    version: "2.2.2"
  url_launcher:
    dependency: transitive
    description:
      name: url_launcher
      sha256: eb1e00ab44303d50dd487aab67ebc575456c146c6af44422f9c13889984c00f3
      url: "https://pub.dev"
    source: hosted
    version: "6.1.11"
  url_launcher_android:
    dependency: transitive
    description:
      name: url_launcher_android
      sha256: b693e6698f7e6985710d67a050e3acbdda3b9cfc4b43b9f1c40cdbe42c705b92
      url: "https://pub.dev"
    source: hosted
    version: "6.0.15"
  url_launcher_ios:
    dependency: transitive
    description:
      name: url_launcher_ios
      sha256: e51a93f0da65733beb69fdbc43cea524d86ed8e524479e9faefc9304cec34a57
      url: "https://pub.dev"
    source: hosted
    version: "6.0.15"
  url_launcher_linux:
    dependency: transitive
    description:
      name: url_launcher_linux
      sha256: c3ec89d52305ec647cf037eafe2be8d2f1149b5723d1f2ec716fc3d58469de5d
      url: "https://pub.dev"
    source: hosted
    version: "3.0.0"
  url_launcher_macos:
    dependency: transitive
    description:
      name: url_launcher_macos
      sha256: c028c7f80fdb99cf48b94c471c0f8b9b855a188f4865df76e2a7663ae640e9d2
      url: "https://pub.dev"
    source: hosted
    version: "3.0.0"
  url_launcher_platform_interface:
    dependency: transitive
    description:
      name: url_launcher_platform_interface
      sha256: "4eae912628763eb48fc214522e58e942fd16ce195407dbf45638239523c759a6"
      url: "https://pub.dev"
    source: hosted
    version: "2.1.1"
  url_launcher_web:
    dependency: transitive
    description:
      name: url_launcher_web
      sha256: "2b5494722d4eb0fe1a12ceb15a4b132ba7dfc92793089c243bf109bed828d97f"
      url: "https://pub.dev"
    source: hosted
    version: "2.0.9"
  url_launcher_windows:
    dependency: transitive
    description:
      name: url_launcher_windows
      sha256: aa14bdb9265fa22416fc387b33e44eb37fd38768bf465fafcec73d283f3457b1
      url: "https://pub.dev"
    source: hosted
    version: "3.0.0"
  vector_graphics:
    dependency: transitive
    description:
      name: vector_graphics
      sha256: ea8d3fc7b2e0f35de38a7465063ecfcf03d8217f7962aa2a6717132cb5d43a79
      url: "https://pub.dev"
    source: hosted
    version: "1.1.5"
  vector_graphics_codec:
    dependency: transitive
    description:
      name: vector_graphics_codec
      sha256: a5eaa5d19e123ad4f61c3718ca1ed921c4e6254238d9145f82aa214955d9aced
      url: "https://pub.dev"
    source: hosted
    version: "1.1.5"
  vector_graphics_compiler:
    dependency: transitive
    description:
      name: vector_graphics_compiler
      sha256: "15edc42f7eaa478ce854eaf1fbb9062a899c0e4e56e775dd73b7f4709c97c4ca"
      url: "https://pub.dev"
    source: hosted
    version: "1.1.5"
  vector_math:
    dependency: transitive
    description:
      name: vector_math
      sha256: "80b3257d1492ce4d091729e3a67a60407d227c27241d6927be0130c98e741803"
      url: "https://pub.dev"
    source: hosted
    version: "2.1.4"
  video_player:
    dependency: transitive
    description:
      name: video_player
      sha256: "59f7f31c919c59cbedd37c617317045f5f650dc0eeb568b0b0de9a36472bdb28"
      url: "https://pub.dev"
    source: hosted
    version: "2.5.1"
  video_player_android:
    dependency: transitive
    description:
      name: video_player_android
      sha256: "984388511230bac63feb53b2911a70e829fe0976b6b2213f5c579c4e0a882db3"
      url: "https://pub.dev"
    source: hosted
    version: "2.3.10"
  video_player_avfoundation:
    dependency: transitive
    description:
      name: video_player_avfoundation
      sha256: d9f7a46d6a77680adb03ec05a381025d6e890ebe636637c6c3014cc3926b97e9
      url: "https://pub.dev"
    source: hosted
    version: "2.3.8"
  video_player_platform_interface:
    dependency: transitive
    description:
      name: video_player_platform_interface
      sha256: "42bb75de5e9b79e1f20f1d95f688fac0f95beac4d89c6eb2cd421724d4432dae"
      url: "https://pub.dev"
    source: hosted
    version: "6.0.1"
  video_player_web:
    dependency: transitive
    description:
      name: video_player_web
      sha256: b649b07b8f8f553bee4a97a0a53d0fe78a70b115eafaf0105b612b32b05ddb99
      url: "https://pub.dev"
    source: hosted
    version: "2.0.13"
  win32:
    dependency: transitive
    description:
      name: win32
      sha256: "7dacfda1edcca378031db9905ad7d7bd56b29fd1a90b0908b71a52a12c41e36b"
      url: "https://pub.dev"
    source: hosted
    version: "5.0.3"
  win32_registry:
    dependency: transitive
    description:
      name: win32_registry
      sha256: e4506d60b7244251bc59df15656a3093501c37fb5af02105a944d73eb95be4c9
      url: "https://pub.dev"
    source: hosted
    version: "1.1.1"
  xdg_directories:
    dependency: transitive
    description:
      name: xdg_directories
      sha256: bd512f03919aac5f1313eb8249f223bacf4927031bf60b02601f81f687689e86
      url: "https://pub.dev"
    source: hosted
    version: "0.2.0+3"
  xml:
    dependency: transitive
    description:
      name: xml
      sha256: "979ee37d622dec6365e2efa4d906c37470995871fe9ae080d967e192d88286b5"
      url: "https://pub.dev"
    source: hosted
    version: "6.2.2"
  youtube_player_flutter:
    dependency: transitive
    description:
      name: youtube_player_flutter
      sha256: "72d487e1a1b9155a2dc9d448c137380791101a0ff623723195275ac275ac6942"
      url: "https://pub.dev"
    source: hosted
    version: "8.1.2"
sdks:
  dart: ">=3.0.0 <4.0.0"
  flutter: ">=3.10.0"
