# Generated by pub
# See https://dart.dev/tools/pub/glossary#lockfile
packages:
  _fe_analyzer_shared:
    dependency: transitive
    description:
      name: _fe_analyzer_shared
      sha256: "4897882604d919befd350648c7f91926a9d5de99e67b455bf0917cc2362f4bb8"
      url: "https://pub.dev"
    source: hosted
    version: "47.0.0"
  analyzer:
    dependency: "direct dev"
    description:
      name: analyzer
      sha256: "690e335554a8385bc9d787117d9eb52c0c03ee207a607e593de3c9d71b1cfe80"
      url: "https://pub.dev"
    source: hosted
    version: "4.7.0"
  animate_icons:
    dependency: transitive
    description:
      name: animate_icons
      sha256: "3201c60f2051997cf3cbde4b2f07d269e01fa53a6a3a2986ef26f614419880fd"
      url: "https://pub.dev"
    source: hosted
    version: "2.0.0"
  args:
    dependency: transitive
    description:
      name: args
      sha256: ad180a697bf97dd54ab519a4665c57683bf4f70649a18671cea661cf0397c055
      url: "https://pub.dev"
    source: hosted
    version: "2.1.0"
  async:
    dependency: transitive
    description:
      name: async
      sha256: bfe67ef28df125b7dddcea62755991f807aa39a2492a23e1550161692950bbe0
      url: "https://pub.dev"
    source: hosted
    version: "2.10.0"
  boolean_selector:
    dependency: transitive
    description:
      name: boolean_selector
      sha256: "6cfb5af12253eaf2b368f07bacc5a80d1301a071c73360d746b7f2e32d762c66"
      url: "https://pub.dev"
    source: hosted
    version: "2.1.1"
  build:
    dependency: transitive
    description:
      name: build
      sha256: "3fbda25365741f8251b39f3917fb3c8e286a96fd068a5a242e11c2012d495777"
      url: "https://pub.dev"
    source: hosted
    version: "2.3.1"
  build_config:
    dependency: transitive
    description:
      name: build_config
      sha256: ad77deb6e9c143a3f550fbb4c5c1e0c6aadabe24274898d06b9526c61b9cf4fb
      url: "https://pub.dev"
    source: hosted
    version: "1.0.0"
  build_daemon:
    dependency: transitive
    description:
      name: build_daemon
      sha256: "6bc5544ea6ce4428266e7ea680e945c68806c4aae2da0eb5e9ccf38df8d6acbf"
      url: "https://pub.dev"
    source: hosted
    version: "3.1.0"
  build_resolvers:
    dependency: transitive
    description:
      name: build_resolvers
      sha256: "687cf90a3951affac1bd5f9ecb5e3e90b60487f3d9cdc359bb310f8876bb02a6"
      url: "https://pub.dev"
    source: hosted
    version: "2.0.10"
  build_runner:
    dependency: "direct dev"
    description:
      name: build_runner
      sha256: "361d73f37cd48c47a81a61421eb1cc4cfd2324516fbb52f1bc4c9a01834ef2de"
      url: "https://pub.dev"
    source: hosted
    version: "2.1.11"
  build_runner_core:
    dependency: transitive
    description:
      name: build_runner_core
      sha256: "14febe0f5bac5ae474117a36099b4de6f1dbc52df6c5e55534b3da9591bf4292"
      url: "https://pub.dev"
    source: hosted
    version: "7.2.7"
  built_collection:
    dependency: transitive
    description:
      name: built_collection
      sha256: f5a2a975d3da1ca46579d2f173bea1c766f0044cff40889c8df8009bf6ea0d0c
      url: "https://pub.dev"
    source: hosted
    version: "5.0.0"
  built_value:
    dependency: transitive
    description:
      name: built_value
      sha256: "169565c8ad06adb760c3645bf71f00bff161b00002cace266cad42c5d22a7725"
      url: "https://pub.dev"
    source: hosted
    version: "8.4.3"
  characters:
    dependency: transitive
    description:
      name: characters
      sha256: e6a326c8af69605aec75ed6c187d06b349707a27fbff8222ca9cc2cff167975c
      url: "https://pub.dev"
    source: hosted
    version: "1.2.1"
  charcode:
    dependency: transitive
    description:
      name: charcode
      sha256: "8e36feea6de5ea69f2199f29cf42a450a855738c498b57c0b980e2d3cca9c362"
      url: "https://pub.dev"
    source: hosted
    version: "1.2.0"
  checked_yaml:
    dependency: transitive
    description:
      name: checked_yaml
      sha256: dd007e4fb8270916820a0d66e24f619266b60773cddd082c6439341645af2659
      url: "https://pub.dev"
    source: hosted
    version: "2.0.1"
  clock:
    dependency: transitive
    description:
      name: clock
      sha256: cb6d7f03e1de671e34607e909a7213e31d7752be4fb66a86d29fe1eb14bfb5cf
      url: "https://pub.dev"
    source: hosted
    version: "1.1.1"
  code_builder:
    dependency: transitive
    description:
      name: code_builder
      sha256: "0d43dd1288fd145de1ecc9a3948ad4a6d5a82f0a14c4fdd0892260787d975cbe"
      url: "https://pub.dev"
    source: hosted
    version: "4.4.0"
  collection:
    dependency: transitive
    description:
      name: collection
      sha256: cfc915e6923fe5ce6e153b0723c753045de46de1b4d63771530504004a45fae0
      url: "https://pub.dev"
    source: hosted
    version: "1.17.0"
  common_ui:
    dependency: "direct main"
    description:
      path: "../common_ui"
      relative: true
    source: path
    version: "1.0.0+1"
  connectivity_plus:
    dependency: "direct main"
    description:
      name: connectivity_plus
      sha256: "54657e647b5e629e537579dcf4096c8d220422b82fcc98f3e200ee3c22d5d25a"
      url: "https://pub.dev"
    source: hosted
    version: "1.0.1"
  connectivity_plus_linux:
    dependency: transitive
    description:
      name: connectivity_plus_linux
      sha256: "6e1aab83b32c114b6d369336b6a71016f521a1cc45b8854bda0b3fdf28721909"
      url: "https://pub.dev"
    source: hosted
    version: "1.0.1"
  connectivity_plus_macos:
    dependency: transitive
    description:
      name: connectivity_plus_macos
      sha256: "71dc8a71014276847dd599f8026d40851508d24d35a7836f712c5034500a9de1"
      url: "https://pub.dev"
    source: hosted
    version: "1.0.1"
  connectivity_plus_platform_interface:
    dependency: transitive
    description:
      name: connectivity_plus_platform_interface
      sha256: "7fd37f26cd370f137c2911537b7535efff9227747bc9d555b03d294b425a40a1"
      url: "https://pub.dev"
    source: hosted
    version: "1.0.1"
  connectivity_plus_web:
    dependency: transitive
    description:
      name: connectivity_plus_web
      sha256: "840b3ccdd1849d0d57da363f22a02552ca19f6dacebd975629e0ccd82d05c5a2"
      url: "https://pub.dev"
    source: hosted
    version: "1.0.1"
  connectivity_plus_windows:
    dependency: transitive
    description:
      name: connectivity_plus_windows
      sha256: "47ae5d3b6201ed244344daf4b92bc31a9579ec4ce980dfbdc9ab433000c6a303"
      url: "https://pub.dev"
    source: hosted
    version: "1.0.1"
  convert:
    dependency: transitive
    description:
      name: convert
      sha256: df567b950053d83b4dba3e8c5799c411895d146f82b2147114b666a4fd9a80dd
      url: "https://pub.dev"
    source: hosted
    version: "3.0.0"
  crypto:
    dependency: transitive
    description:
      name: crypto
      sha256: cf75650c66c0316274e21d7c43d3dea246273af5955bd94e8184837cd577575c
      url: "https://pub.dev"
    source: hosted
    version: "3.0.1"
  cupertino_icons:
    dependency: transitive
    description:
      name: cupertino_icons
      sha256: "486b7bc707424572cdf7bd7e812a0c146de3fd47ecadf070254cc60383f21dd8"
      url: "https://pub.dev"
    source: hosted
    version: "1.0.3"
  dart_style:
    dependency: transitive
    description:
      name: dart_style
      sha256: "7a03456c3490394c8e7665890333e91ae8a49be43542b616e414449ac358acd4"
      url: "https://pub.dev"
    source: hosted
    version: "2.2.4"
  dbus:
    dependency: transitive
    description:
      name: dbus
      sha256: f3dca1507e2ea6afc1fb4f7cda158d6fe3ec88562ebbc0108ee882d8b492c312
      url: "https://pub.dev"
    source: hosted
    version: "0.2.5"
  fake_async:
    dependency: transitive
    description:
      name: fake_async
      sha256: "511392330127add0b769b75a987850d136345d9227c6b94c96a04cf4a391bf78"
      url: "https://pub.dev"
    source: hosted
    version: "1.3.1"
  ffi:
    dependency: transitive
    description:
      name: ffi
      sha256: d97fffd9d86f3dccc7a9059128b468a99320c69007cc9d41a3a1bda07d4e86dc
      url: "https://pub.dev"
    source: hosted
    version: "1.0.0"
  file:
    dependency: "direct dev"
    description:
      name: file
      sha256: "1b92bec4fc2a72f59a8e15af5f52cd441e4a7860b49499d69dfa817af20e925d"
      url: "https://pub.dev"
    source: hosted
    version: "6.1.4"
  fixnum:
    dependency: transitive
    description:
      name: fixnum
      sha256: "6a2ef17156f4dc49684f9d99aaf4a93aba8ac49f5eac861755f5730ddf6e2e4e"
      url: "https://pub.dev"
    source: hosted
    version: "1.0.0"
  flutter:
    dependency: "direct main"
    description: flutter
    source: sdk
    version: "0.0.0"
  flutter_clean_architecture:
    dependency: "direct main"
    description:
      name: flutter_clean_architecture
      sha256: "1e2b2831a3eb7f3f062d15243593e219faed539225b2922df4adbeadc04bda2a"
      url: "https://pub.dev"
    source: hosted
    version: "5.0.0"
  flutter_lints:
    dependency: "direct dev"
    description:
      name: flutter_lints
      sha256: aeb0b80a8b3709709c9cc496cdc027c5b3216796bc0af0ce1007eaf24464fd4c
      url: "https://pub.dev"
    source: hosted
    version: "2.0.1"
  flutter_markdown:
    dependency: transitive
    description:
      name: flutter_markdown
      sha256: "7b25c10de1fea883f3c4f9b8389506b54053cd00807beab69fd65c8653a2711f"
      url: "https://pub.dev"
    source: hosted
    version: "0.6.14"
  flutter_modular:
    dependency: transitive
    description:
      name: flutter_modular
      sha256: f8ec50f642436a0083a0734a2757741a640bf0a73db20c7f5241b53335589cb3
      url: "https://pub.dev"
    source: hosted
    version: "2.0.1"
  flutter_syntax_view:
    dependency: transitive
    description:
      name: flutter_syntax_view
      sha256: bed469c548993f2f9158514c4b5526dcd6de19e008c5321bb55216cb1afc675b
      url: "https://pub.dev"
    source: hosted
    version: "4.0.0"
  flutter_test:
    dependency: "direct dev"
    description: flutter
    source: sdk
    version: "0.0.0"
  flutter_web_plugins:
    dependency: transitive
    description: flutter
    source: sdk
    version: "0.0.0"
  freezed:
    dependency: "direct dev"
    description:
      name: freezed
      sha256: b8f1017d491344ef41045d3fe85950404c49e74eeaf84a84d7b8b67ac24dfb91
      url: "https://pub.dev"
    source: hosted
    version: "2.1.0+1"
  freezed_annotation:
    dependency: "direct main"
    description:
      name: freezed_annotation
      sha256: aeac15850ef1b38ee368d4c53ba9a847e900bb2c53a4db3f6881cbb3cb684338
      url: "https://pub.dev"
    source: hosted
    version: "2.2.0"
  frontend_server_client:
    dependency: transitive
    description:
      name: frontend_server_client
      sha256: "780784ec9e9362ed5278272d39b6590474dba495483ec97eba31df4d23622fa0"
      url: "https://pub.dev"
    source: hosted
    version: "2.1.0"
  get_it:
    dependency: "direct main"
    description:
      name: get_it
      sha256: "227cc33bacb7df474d83c781210167ff0265f0e4b683260bc5718c2e22b5fd2d"
      url: "https://pub.dev"
    source: hosted
    version: "7.1.3"
  glob:
    dependency: transitive
    description:
      name: glob
      sha256: dda85ce2aefce16f7e75586acbcb1e8320bf176f69fd94082e31945d6de67f3e
      url: "https://pub.dev"
    source: hosted
    version: "2.0.1"
  graphs:
    dependency: transitive
    description:
      name: graphs
      sha256: e07b56af3885387b0cbf6502d4ec17149189559de61256b97e195539afd1da0c
      url: "https://pub.dev"
    source: hosted
    version: "2.0.0"
  http:
    dependency: transitive
    description:
      name: http
      sha256: "6aa2946395183537c8b880962d935877325d6a09a2867c3970c05c0fed6ac482"
      url: "https://pub.dev"
    source: hosted
    version: "0.13.5"
  http_multi_server:
    dependency: transitive
    description:
      name: http_multi_server
      sha256: bfb651625e251a88804ad6d596af01ea903544757906addcb2dcdf088b5ea185
      url: "https://pub.dev"
    source: hosted
    version: "3.0.1"
  http_parser:
    dependency: transitive
    description:
      name: http_parser
      sha256: e362d639ba3bc07d5a71faebb98cde68c05bfbcfbbb444b60b6f60bb67719185
      url: "https://pub.dev"
    source: hosted
    version: "4.0.0"
  io:
    dependency: transitive
    description:
      name: io
      sha256: "15a5436d2a02dc60e6dc2fb5d7dfaac08b7b137cff3d4bf3158d38ecab656b69"
      url: "https://pub.dev"
    source: hosted
    version: "1.0.0"
  js:
    dependency: transitive
    description:
      name: js
      sha256: "5528c2f391ededb7775ec1daa69e65a2d61276f7552de2b5f7b8d34ee9fd4ab7"
      url: "https://pub.dev"
    source: hosted
    version: "0.6.5"
  json_annotation:
    dependency: transitive
    description:
      name: json_annotation
      sha256: "3520fa844009431b5d4491a5a778603520cdc399ab3406332dcc50f93547258c"
      url: "https://pub.dev"
    source: hosted
    version: "4.7.0"
  json_serializable:
    dependency: "direct dev"
    description:
      name: json_serializable
      sha256: f3c2c18a7889580f71926f30c1937727c8c7d4f3a435f8f5e8b0ddd25253ef5d
      url: "https://pub.dev"
    source: hosted
    version: "6.5.4"
  lints:
    dependency: transitive
    description:
      name: lints
      sha256: "5e4a9cd06d447758280a8ac2405101e0e2094d2a1dbdd3756aec3fe7775ba593"
      url: "https://pub.dev"
    source: hosted
    version: "2.0.1"
  logging:
    dependency: transitive
    description:
      name: logging
      sha256: "0520a4826042a8a5d09ddd4755623a50d37ee536d79a70452aff8c8ad7bb6c27"
      url: "https://pub.dev"
    source: hosted
    version: "1.0.1"
  markdown:
    dependency: transitive
    description:
      name: markdown
      sha256: d95a9d12954aafc97f984ca29baaa7690ed4d9ec4140a23ad40580bcdb6c87f5
      url: "https://pub.dev"
    source: hosted
    version: "7.0.2"
  matcher:
    dependency: transitive
    description:
      name: matcher
      sha256: "16db949ceee371e9b99d22f88fa3a73c4e59fd0afed0bd25fc336eb76c198b72"
      url: "https://pub.dev"
    source: hosted
    version: "0.12.13"
  material_color_utilities:
    dependency: transitive
    description:
      name: material_color_utilities
      sha256: d92141dc6fe1dad30722f9aa826c7fbc896d021d792f80678280601aff8cf724
      url: "https://pub.dev"
    source: hosted
    version: "0.2.0"
  meta:
    dependency: transitive
    description:
      name: meta
      sha256: "6c268b42ed578a53088d834796959e4a1814b5e9e164f147f580a386e5decf42"
      url: "https://pub.dev"
    source: hosted
    version: "1.8.0"
  mime:
    dependency: transitive
    description:
      name: mime
      sha256: a7a98ea7f366e2cc9d2b20873815aebec5e2bc124fe0da9d3f7f59b0625ea180
      url: "https://pub.dev"
    source: hosted
    version: "1.0.0"
  mockito:
    dependency: "direct dev"
    description:
      name: mockito
      sha256: "2a8a17b82b1bde04d514e75d90d634a0ac23f6cb4991f6098009dd56836aeafe"
      url: "https://pub.dev"
    source: hosted
    version: "5.3.2"
  nested:
    dependency: transitive
    description:
      name: nested
      sha256: "03bac4c528c64c95c722ec99280375a6f2fc708eec17c7b3f07253b626cd2a20"
      url: "https://pub.dev"
    source: hosted
    version: "1.0.0"
  package_config:
    dependency: transitive
    description:
      name: package_config
      sha256: "20e7154d701fedaeb219dad732815ecb66677667871127998a9a6581c2aba4ba"
      url: "https://pub.dev"
    source: hosted
    version: "2.0.0"
  path:
    dependency: transitive
    description:
      name: path
      sha256: db9d4f58c908a4ba5953fcee2ae317c94889433e5024c27ce74a37f94267945b
      url: "https://pub.dev"
    source: hosted
    version: "1.8.2"
  path_provider_linux:
    dependency: transitive
    description:
      name: path_provider_linux
      sha256: "938d2b6591587bcb009d2109a6ea464fd8fb2a75dc6423171b0d0afb1d27c708"
      url: "https://pub.dev"
    source: hosted
    version: "2.0.0"
  path_provider_platform_interface:
    dependency: transitive
    description:
      name: path_provider_platform_interface
      sha256: c2af5a8a6369992d915f8933dfc23172071001359d17896e83db8be57db8a397
      url: "https://pub.dev"
    source: hosted
    version: "2.0.1"
  path_provider_windows:
    dependency: transitive
    description:
      name: path_provider_windows
      sha256: "99bb2d003df56a2a846e23f716bbf713a1d36d3e2a7d7e99ca4b01aeae80045a"
      url: "https://pub.dev"
    source: hosted
    version: "2.0.1"
  pedantic:
    dependency: transitive
    description:
      name: pedantic
      sha256: "8f6460c77a98ad2807cd3b98c67096db4286f56166852d0ce5951bb600a63594"
      url: "https://pub.dev"
    source: hosted
    version: "1.11.0"
  petitparser:
    dependency: transitive
    description:
      name: petitparser
      sha256: "85e8f8b118afcccf948a9844d199e56260117400bd9b9982d87bf1d62ebc1690"
      url: "https://pub.dev"
    source: hosted
    version: "4.1.0"
  platform:
    dependency: transitive
    description:
      name: platform
      sha256: ebc79f16b5f6b609aad4a5e63447d4795d16f7adee46e93ed03200848c006735
      url: "https://pub.dev"
    source: hosted
    version: "3.0.0"
  plugin_platform_interface:
    dependency: transitive
    description:
      name: plugin_platform_interface
      sha256: c2c49e16d42fd6983eb55e44b7f197fdf16b4da7aab7f8e1d21da307cad3fb02
      url: "https://pub.dev"
    source: hosted
    version: "2.0.0"
  pool:
    dependency: transitive
    description:
      name: pool
      sha256: "05955e3de2683e1746222efd14b775df7131139e07695dc8e24650f6b4204504"
      url: "https://pub.dev"
    source: hosted
    version: "1.5.0"
  process:
    dependency: transitive
    description:
      name: process
      sha256: dc3c073b5bc0db4e0f3dbc6b69f8e9cf2f336dafb3db996242ebdacf94c295dd
      url: "https://pub.dev"
    source: hosted
    version: "4.2.1"
  provider:
    dependency: transitive
    description:
      name: provider
      sha256: "59471e0a4595e264625d3496af567ac85bdae1148ec985aff1e0555786f53ecf"
      url: "https://pub.dev"
    source: hosted
    version: "5.0.0"
  pub_semver:
    dependency: transitive
    description:
      name: pub_semver
      sha256: "59ed538734419e81f7fc18c98249ae72c3c7188bdd9dceff2840585227f79843"
      url: "https://pub.dev"
    source: hosted
    version: "2.0.0"
  pubspec_parse:
    dependency: transitive
    description:
      name: pubspec_parse
      sha256: "358c5ce09744e0e08b3f5f38c53d7d26a8219dd641718f8500f49cfa56240358"
      url: "https://pub.dev"
    source: hosted
    version: "1.0.0"
  responsive_builder:
    dependency: transitive
    description:
      name: responsive_builder
      sha256: "8d98185ff37500cb88405e87fb4ec50440cb99423609142debb9663f093766fb"
      url: "https://pub.dev"
    source: hosted
    version: "0.4.1"
  rxdart:
    dependency: transitive
    description:
      name: rxdart
      sha256: "2ef8b4e91cb3b55d155e0e34eeae0ac7107974e451495c955ac04ddee8cc21fd"
      url: "https://pub.dev"
    source: hosted
    version: "0.26.0"
  shared_preferences:
    dependency: "direct main"
    description:
      name: shared_preferences
      sha256: abce1248423109beb9ef6cb6536cbd06a676e3cf0d7a00a980b3bce793f35de0
      url: "https://pub.dev"
    source: hosted
    version: "2.0.5"
  shared_preferences_linux:
    dependency: transitive
    description:
      name: shared_preferences_linux
      sha256: "33fc7c6ced70d226645a9612132fbff9890805df4edd34f30840e7e738866fee"
      url: "https://pub.dev"
    source: hosted
    version: "2.0.0"
  shared_preferences_macos:
    dependency: transitive
    description:
      name: shared_preferences_macos
      sha256: "5d2bad07b196b6ad4cf21af6f7197a87264ef569199502b9352f76e5054f06ae"
      url: "https://pub.dev"
    source: hosted
    version: "2.0.0"
  shared_preferences_platform_interface:
    dependency: transitive
    description:
      name: shared_preferences_platform_interface
      sha256: "992f0fdc46d0a3c0ac2e5859f2de0e577bbe51f78a77ee8f357cbe626a2ad32d"
      url: "https://pub.dev"
    source: hosted
    version: "2.0.0"
  shared_preferences_web:
    dependency: transitive
    description:
      name: shared_preferences_web
      sha256: "09b72ec530a1b1f26cdbec6b138f980d97d4d86ebb86dbf6365369fbd4bb05c8"
      url: "https://pub.dev"
    source: hosted
    version: "2.0.0"
  shared_preferences_windows:
    dependency: transitive
    description:
      name: shared_preferences_windows
      sha256: "76c54a0148780d779a3fe332ece9ba8ad2c9dd0bc717ee7fce58bd06b5e8118f"
      url: "https://pub.dev"
    source: hosted
    version: "2.0.0"
  shelf:
    dependency: transitive
    description:
      name: shelf
      sha256: "26d22c68cf9c349fb1adb4a830da3e014cb5f7ed9cc57f721d9d9e20cf8d6de5"
      url: "https://pub.dev"
    source: hosted
    version: "1.1.4"
  shelf_web_socket:
    dependency: transitive
    description:
      name: shelf_web_socket
      sha256: fd84910bf7d58db109082edf7326b75322b8f186162028482f53dc892f00332d
      url: "https://pub.dev"
    source: hosted
    version: "1.0.1"
  shimmer:
    dependency: transitive
    description:
      name: shimmer
      sha256: "1f1009b5845a1f88f1c5630212279540486f97409e9fc3f63883e71070d107bf"
      url: "https://pub.dev"
    source: hosted
    version: "2.0.0"
  showcase_view:
    dependency: "direct main"
    description:
      path: "../showcase_view"
      relative: true
    source: path
    version: "1.0.0+1"
  sky_engine:
    dependency: transitive
    description: flutter
    source: sdk
    version: "0.0.99"
  source_code_view:
    dependency: transitive
    description:
      path: "../source_code_view"
      relative: true
    source: path
    version: "1.0.0+1"
  source_gen:
    dependency: transitive
    description:
      name: source_gen
      sha256: "2d79738b6bbf38a43920e2b8d189e9a3ce6cc201f4b8fc76be5e4fe377b1c38d"
      url: "https://pub.dev"
    source: hosted
    version: "1.2.6"
  source_helper:
    dependency: transitive
    description:
      name: source_helper
      sha256: "3b67aade1d52416149c633ba1bb36df44d97c6b51830c2198e934e3fca87ca1f"
      url: "https://pub.dev"
    source: hosted
    version: "1.3.3"
  source_span:
    dependency: transitive
    description:
      name: source_span
      sha256: dd904f795d4b4f3b870833847c461801f6750a9fa8e61ea5ac53f9422b31f250
      url: "https://pub.dev"
    source: hosted
    version: "1.9.1"
  stack_trace:
    dependency: transitive
    description:
      name: stack_trace
      sha256: c3c7d8edb15bee7f0f74debd4b9c5f3c2ea86766fe4178eb2a18eb30a0bdaed5
      url: "https://pub.dev"
    source: hosted
    version: "1.11.0"
  stream_channel:
    dependency: transitive
    description:
      name: stream_channel
      sha256: "83615bee9045c1d322bbbd1ba209b7a749c2cbcdcb3fdd1df8eb488b3279c1c8"
      url: "https://pub.dev"
    source: hosted
    version: "2.1.1"
  stream_transform:
    dependency: transitive
    description:
      name: stream_transform
      sha256: ed464977cb26a1f41537e177e190c67223dbd9f4f683489b6ab2e5d211ec564e
      url: "https://pub.dev"
    source: hosted
    version: "2.0.0"
  string_scanner:
    dependency: transitive
    description:
      name: string_scanner
      sha256: "556692adab6cfa87322a115640c11f13cb77b3f076ddcc5d6ae3c20242bedcde"
      url: "https://pub.dev"
    source: hosted
    version: "1.2.0"
  term_glyph:
    dependency: transitive
    description:
      name: term_glyph
      sha256: a29248a84fbb7c79282b40b8c72a1209db169a2e0542bce341da992fe1bc7e84
      url: "https://pub.dev"
    source: hosted
    version: "1.2.1"
  test_api:
    dependency: transitive
    description:
      name: test_api
      sha256: ad540f65f92caa91bf21dfc8ffb8c589d6e4dc0c2267818b4cc2792857706206
      url: "https://pub.dev"
    source: hosted
    version: "0.4.16"
  timing:
    dependency: transitive
    description:
      name: timing
      sha256: c386d07d7f5efc613479a7c4d9d64b03710b03cfaa7e8ad5f2bfb295a1f0dfad
      url: "https://pub.dev"
    source: hosted
    version: "1.0.0"
  typed_data:
    dependency: transitive
    description:
      name: typed_data
      sha256: "53bdf7e979cfbf3e28987552fd72f637e63f3c8724c9e56d9246942dc2fa36ee"
      url: "https://pub.dev"
    source: hosted
    version: "1.3.0"
  url_launcher:
    dependency: transitive
    description:
      name: url_launcher
      sha256: f118f30f4301453d155c236a17d9ba53ec02a342591290aff91ae0fda4dc5428
      url: "https://pub.dev"
    source: hosted
    version: "6.1.3"
  url_launcher_android:
    dependency: transitive
    description:
      name: url_launcher_android
      sha256: a52628068d282d01a07cd86e6ba99e497aa45ce8c91159015b2416907d78e411
      url: "https://pub.dev"
    source: hosted
    version: "6.0.27"
  url_launcher_ios:
    dependency: transitive
    description:
      name: url_launcher_ios
      sha256: "9af7ea73259886b92199f9e42c116072f05ff9bea2dcb339ab935dfc957392c2"
      url: "https://pub.dev"
    source: hosted
    version: "6.1.4"
  url_launcher_linux:
    dependency: transitive
    description:
      name: url_launcher_linux
      sha256: "86f3f393cde6bed2a05bfc7f05e52aeaf4f9911a3ad9ff78a42e89e57e5a264a"
      url: "https://pub.dev"
    source: hosted
    version: "2.0.0"
  url_launcher_macos:
    dependency: transitive
    description:
      name: url_launcher_macos
      sha256: f72b523da791d519aed53c12fd99c7dc50fdd1e4913da904081f3666d06334b5
      url: "https://pub.dev"
    source: hosted
    version: "2.0.0"
  url_launcher_platform_interface:
    dependency: transitive
    description:
      name: url_launcher_platform_interface
      sha256: "062ff07300fa86ed4aa48fae6c5c5187a0e0f570276bcfe589876d48f11fbb0f"
      url: "https://pub.dev"
    source: hosted
    version: "2.0.3"
  url_launcher_web:
    dependency: transitive
    description:
      name: url_launcher_web
      sha256: "057e3458dfcc4276d171ae70cd98efc6d2485bf39b93a015349754e5dec0f657"
      url: "https://pub.dev"
    source: hosted
    version: "2.0.0"
  url_launcher_windows:
    dependency: transitive
    description:
      name: url_launcher_windows
      sha256: f98b970a12236957881fa28df0c6700f03d9dc5f471cf5ca6d205b77e7ad92d2
      url: "https://pub.dev"
    source: hosted
    version: "2.0.0"
  vector_math:
    dependency: transitive
    description:
      name: vector_math
      sha256: "80b3257d1492ce4d091729e3a67a60407d227c27241d6927be0130c98e741803"
      url: "https://pub.dev"
    source: hosted
    version: "2.1.4"
  watcher:
    dependency: transitive
    description:
      name: watcher
      sha256: "68173f2fa67d241323a4123be7ed4e43424c54befa5505d71c8ad4b7baf8f71d"
      url: "https://pub.dev"
    source: hosted
    version: "1.0.0"
  web_socket_channel:
    dependency: transitive
    description:
      name: web_socket_channel
      sha256: "0c2ada1b1aeb2ad031ca81872add6be049b8cb479262c6ad3c4b0f9c24eaab2f"
      url: "https://pub.dev"
    source: hosted
    version: "2.1.0"
  win32:
    dependency: transitive
    description:
      name: win32
      sha256: "6e4d8aa049a4853e2036a864733341496e1dea326f93a590d30f07bc2cb85119"
      url: "https://pub.dev"
    source: hosted
    version: "2.1.1"
  xdg_directories:
    dependency: transitive
    description:
      name: xdg_directories
      sha256: "0186b3f2d66be9a12b0295bddcf8b6f8c0b0cc2f85c6287344e2a6366bc28457"
      url: "https://pub.dev"
    source: hosted
    version: "0.2.0"
  xml:
    dependency: transitive
    description:
      name: xml
      sha256: "9d2cf96b38e3f523fb78f0102d1d4483f817f3c3a6d81f46bf1b7a430ae8d561"
      url: "https://pub.dev"
    source: hosted
    version: "5.1.1"
  yaml:
    dependency: transitive
    description:
      name: yaml
      sha256: "3cee79b1715110341012d27756d9bae38e650588acd38d3f3c610822e1337ace"
      url: "https://pub.dev"
    source: hosted
    version: "3.1.0"
sdks:
  dart: ">=2.19.0 <3.0.0"
  flutter: ">=3.3.0"
